<?xml version="1.0" encoding="utf-8"?>
<Project ToolsVersion="4.0" xmlns="http://schemas.microsoft.com/developer/msbuild/2003">
  <ItemGroup>
    <Filter Include="Source Files">
      <UniqueIdentifier>{4FC737F1-C7A5-4376-A066-2A32D752A2FF}</UniqueIdentifier>
      <Extensions>cpp;c;cc;cxx;def;odl;idl;hpj;bat;asm;asmx</Extensions>
    </Filter>
    <Filter Include="Header Files">
      <UniqueIdentifier>{93995380-89BD-4b04-88EB-625FBE52EBFB}</UniqueIdentifier>
      <Extensions>h;hh;hpp;hxx;hm;inl;inc;ipp;xsd</Extensions>
    </Filter>
    <Filter Include="Resource Files">
      <UniqueIdentifier>{67DA6AB6-F800-4c08-8B7A-83BB121AAD01}</UniqueIdentifier>
      <Extensions>rc;ico;cur;bmp;dlg;rc2;rct;bin;rgs;gif;jpg;jpeg;jpe;resx;tiff;tif;png;wav;mfcribbon-ms</Extensions>
    </Filter>
    <Filter Include="Header Files\section">
      <UniqueIdentifier>{93127f8b-ea64-4128-a394-111cbdb13872}</UniqueIdentifier>
    </Filter>
    <Filter Include="Source Files\section">
      <UniqueIdentifier>{81e24ea2-9332-46d5-9273-85143a3db227}</UniqueIdentifier>
    </Filter>
    <Filter Include="Header Files\event">
      <UniqueIdentifier>{31ff7f92-8884-49fd-9d40-735aa7c85907}</UniqueIdentifier>
    </Filter>
    <Filter Include="Source Files\event">
      <UniqueIdentifier>{0055370e-02fe-4632-822a-f99ac94ac35b}</UniqueIdentifier>
    </Filter>
  </ItemGroup>
  <ItemGroup>
    <ClInclude Include="app.h">
      <Filter>Header Files</Filter>
    </ClInclude>
    <ClInclude Include="game_state.h">
      <Filter>Header Files\section</Filter>
    </ClInclude>
    <ClInclude Include="game_save.h">
      <Filter>Header Files\section</Filter>
    </ClInclude>
    <ClInclude Include="rival_info.h">
      <Filter>Header Files\section</Filter>
    </ClInclude>
    <ClInclude Include="trainer_info.h">
      <Filter>Header Files\section</Filter>
    </ClInclude>
    <ClInclude Include="game_save_section.h">
      <Filter>Header Files\section</Filter>
    </ClInclude>
    <ClInclude Include="pc_buffer.h">
      <Filter>Header Files\section</Filter>
    </ClInclude>
    <ClInclude Include="misc_data.h">
      <Filter>Header Files\section</Filter>
    </ClInclude>
    <ClInclude Include="team_items.h">
      <Filter>Header Files\section</Filter>
    </ClInclude>
    <ClInclude Include="gen3_save.h">
      <Filter>Header Files</Filter>
    </ClInclude>
    <ClInclude Include="hardware_manager.h">
      <Filter>Header Files</Filter>
    </ClInclude>
    <ClInclude Include="ticket.h">
      <Filter>Header Files\event</Filter>
    </ClInclude>
  </ItemGroup>
  <ItemGroup>
    <ClCompile Include="app.cpp">
      <Filter>Source Files</Filter>
    </ClCompile>
    <ClCompile Include="game_save_section.cpp">
      <Filter>Source Files\section</Filter>
    </ClCompile>
    <ClCompile Include="game_state.cpp">
      <Filter>Source Files\section</Filter>
    </ClCompile>
    <ClCompile Include="game_save.cpp">
      <Filter>Source Files\section</Filter>
    </ClCompile>
    <ClCompile Include="rival_info.cpp">
      <Filter>Source Files\section</Filter>
    </ClCompile>
    <ClCompile Include="trainer_info.cpp">
      <Filter>Source Files\section</Filter>
    </ClCompile>
    <ClCompile Include="pc_buffer.cpp">
      <Filter>Source Files\section</Filter>
    </ClCompile>
    <ClCompile Include="gen3_save.cpp">
      <Filter>Source Files</Filter>
    </ClCompile>
    <ClCompile Include="misc_data.cpp">
      <Filter>Source Files\section</Filter>
    </ClCompile>
    <ClCompile Include="team_items.cpp">
      <Filter>Source Files\section</Filter>
    </ClCompile>
    <ClCompile Include="hardware_manager.cpp">
      <Filter>Source Files</Filter>
    </ClCompile>
    <ClCompile Include="ticket.cpp">
      <Filter>Source Files\event</Filter>
    </ClCompile>
  </ItemGroup>
</Project>